// !$*UTF8*$!
{
	archiveVersion = 1;
	classes = {
	};
	objectVersion = 50;
	objects = {

/* Begin PBXBuildFile section */
		0404402A2285820F00998BDB /* TableViewControllerExtension.swift in Sources */ = {isa = PBXBuildFile; fileRef = 040440292285820F00998BDB /* TableViewControllerExtension.swift */; };
		043FAE10228540B400774425 /* AppDelegate.swift in Sources */ = {isa = PBXBuildFile; fileRef = 043FAE0F228540B400774425 /* AppDelegate.swift */; };
		043FAE15228540B400774425 /* Main.storyboard in Resources */ = {isa = PBXBuildFile; fileRef = 043FAE13228540B400774425 /* Main.storyboard */; };
		043FAE17228540B500774425 /* Assets.xcassets in Resources */ = {isa = PBXBuildFile; fileRef = 043FAE16228540B500774425 /* Assets.xcassets */; };
		043FAE1A228540B500774425 /* LaunchScreen.storyboard in Resources */ = {isa = PBXBuildFile; fileRef = 043FAE18228540B500774425 /* LaunchScreen.storyboard */; };
		043FAE222285434200774425 /* Blog.swift in Sources */ = {isa = PBXBuildFile; fileRef = 043FAE212285434200774425 /* Blog.swift */; };
		043FAE242285435200774425 /* TableViewCell.swift in Sources */ = {isa = PBXBuildFile; fileRef = 043FAE232285435200774425 /* TableViewCell.swift */; };
		043FAE262285435E00774425 /* TableViewController.swift in Sources */ = {isa = PBXBuildFile; fileRef = 043FAE252285435E00774425 /* TableViewController.swift */; };
		043FAE282285603F00774425 /* detailCellTableViewController.swift in Sources */ = {isa = PBXBuildFile; fileRef = 043FAE272285603F00774425 /* detailCellTableViewController.swift */; };
		043FAE2A2285605D00774425 /* detailImageViewController.swift in Sources */ = {isa = PBXBuildFile; fileRef = 043FAE292285605D00774425 /* detailImageViewController.swift */; };
		04F9030D2285A84600BD19D7 /* demoPicture.jpg in Resources */ = {isa = PBXBuildFile; fileRef = 04F9030C2285A84600BD19D7 /* demoPicture.jpg */; };
/* End PBXBuildFile section */

/* Begin PBXFileReference section */
		040440292285820F00998BDB /* TableViewControllerExtension.swift */ = {isa = PBXFileReference; lastKnownFileType = sourcecode.swift; path = TableViewControllerExtension.swift; sourceTree = "<group>"; };
		043FAE0C228540B400774425 /* 3DTouchDemo.app */ = {isa = PBXFileReference; explicitFileType = wrapper.application; includeInIndex = 0; path = 3DTouchDemo.app; sourceTree = BUILT_PRODUCTS_DIR; };
		043FAE0F228540B400774425 /* AppDelegate.swift */ = {isa = PBXFileReference; lastKnownFileType = sourcecode.swift; path = AppDelegate.swift; sourceTree = "<group>"; };
		043FAE14228540B400774425 /* Base */ = {isa = PBXFileReference; lastKnownFileType = file.storyboard; name = Base; path = Base.lproj/Main.storyboard; sourceTree = "<group>"; };
		043FAE16228540B500774425 /* Assets.xcassets */ = {isa = PBXFileReference; lastKnownFileType = folder.assetcatalog; path = Assets.xcassets; sourceTree = "<group>"; };
		043FAE19228540B500774425 /* Base */ = {isa = PBXFileReference; lastKnownFileType = file.storyboard; name = Base; path = Base.lproj/LaunchScreen.storyboard; sourceTree = "<group>"; };
		043FAE1B228540B500774425 /* Info.plist */ = {isa = PBXFileReference; lastKnownFileType = text.plist.xml; path = Info.plist; sourceTree = "<group>"; };
		043FAE212285434200774425 /* Blog.swift */ = {isa = PBXFileReference; lastKnownFileType = sourcecode.swift; path = Blog.swift; sourceTree = "<group>"; };
		043FAE232285435200774425 /* TableViewCell.swift */ = {isa = PBXFileReference; lastKnownFileType = sourcecode.swift; path = TableViewCell.swift; sourceTree = "<group>"; };
		043FAE252285435E00774425 /* TableViewController.swift */ = {isa = PBXFileReference; lastKnownFileType = sourcecode.swift; path = TableViewController.swift; sourceTree = "<group>"; };
		043FAE272285603F00774425 /* detailCellTableViewController.swift */ = {isa = PBXFileReference; lastKnownFileType = sourcecode.swift; path = detailCellTableViewController.swift; sourceTree = "<group>"; };
		043FAE292285605D00774425 /* detailImageViewController.swift */ = {isa = PBXFileReference; lastKnownFileType = sourcecode.swift; path = detailImageViewController.swift; sourceTree = "<group>"; };
		04F9030C2285A84600BD19D7 /* demoPicture.jpg */ = {isa = PBXFileReference; lastKnownFileType = image.jpeg; path = demoPicture.jpg; sourceTree = "<group>"; };
/* End PBXFileReference section */

/* Begin PBXFrameworksBuildPhase section */
		043FAE09228540B400774425 /* Frameworks */ = {
			isa = PBXFrameworksBuildPhase;
			buildActionMask = 2147483647;
			files = (
			);
			runOnlyForDeploymentPostprocessing = 0;
		};
/* End PBXFrameworksBuildPhase section */

/* Begin PBXGroup section */
		0404402D228595B400998BDB /* MainTableView */ = {
			isa = PBXGroup;
			children = (
				043FAE232285435200774425 /* TableViewCell.swift */,
				040440292285820F00998BDB /* TableViewControllerExtension.swift */,
				043FAE252285435E00774425 /* TableViewController.swift */,
			);
			path = MainTableView;
			sourceTree = "<group>";
		};
		0404402E228595CE00998BDB /* CellDetail */ = {
			isa = PBXGroup;
			children = (
				043FAE272285603F00774425 /* detailCellTableViewController.swift */,
			);
			path = CellDetail;
			sourceTree = "<group>";
		};
		0404402F228595E800998BDB /* ImageDetail */ = {
			isa = PBXGroup;
			children = (
				043FAE292285605D00774425 /* detailImageViewController.swift */,
			);
			path = ImageDetail;
			sourceTree = "<group>";
		};
		04044030228595FE00998BDB /* Storyboard */ = {
			isa = PBXGroup;
			children = (
				043FAE18228540B500774425 /* LaunchScreen.storyboard */,
				043FAE13228540B400774425 /* Main.storyboard */,
			);
			path = Storyboard;
			sourceTree = "<group>";
		};
		040440312285962200998BDB /* Data */ = {
			isa = PBXGroup;
			children = (
				043FAE212285434200774425 /* Blog.swift */,
			);
			path = Data;
			sourceTree = "<group>";
		};
		043FAE03228540B400774425 = {
			isa = PBXGroup;
			children = (
				04F9030C2285A84600BD19D7 /* demoPicture.jpg */,
				043FAE0E228540B400774425 /* 3DTouchDemo */,
				043FAE0D228540B400774425 /* Products */,
			);
			sourceTree = "<group>";
		};
		043FAE0D228540B400774425 /* Products */ = {
			isa = PBXGroup;
			children = (
				043FAE0C228540B400774425 /* 3DTouchDemo.app */,
			);
			name = Products;
			sourceTree = "<group>";
		};
		043FAE0E228540B400774425 /* 3DTouchDemo */ = {
			isa = PBXGroup;
			children = (
				043FAE0F228540B400774425 /* AppDelegate.swift */,
				040440312285962200998BDB /* Data */,
				0404402E228595CE00998BDB /* CellDetail */,
				0404402F228595E800998BDB /* ImageDetail */,
				04044030228595FE00998BDB /* Storyboard */,
				0404402D228595B400998BDB /* MainTableView */,
				043FAE16228540B500774425 /* Assets.xcassets */,
				043FAE1B228540B500774425 /* Info.plist */,
			);
			path = 3DTouchDemo;
			sourceTree = "<group>";
		};
/* End PBXGroup section */

/* Begin PBXNativeTarget section */
		043FAE0B228540B400774425 /* 3DTouchDemo */ = {
			isa = PBXNativeTarget;
			buildConfigurationList = 043FAE1E228540B500774425 /* Build configuration list for PBXNativeTarget "3DTouchDemo" */;
			buildPhases = (
				043FAE08228540B400774425 /* Sources */,
				043FAE09228540B400774425 /* Frameworks */,
				043FAE0A228540B400774425 /* Resources */,
			);
			buildRules = (
			);
			dependencies = (
			);
			name = 3DTouchDemo;
			productName = 3DTouchDemo;
			productReference = 043FAE0C228540B400774425 /* 3DTouchDemo.app */;
			productType = "com.apple.product-type.application";
		};
/* End PBXNativeTarget section */

/* Begin PBXProject section */
		043FAE04228540B400774425 /* Project object */ = {
			isa = PBXProject;
			attributes = {
				LastSwiftUpdateCheck = 1020;
				LastUpgradeCheck = 1020;
				ORGANIZATIONNAME = "Joker Hook";
				TargetAttributes = {
					043FAE0B228540B400774425 = {
						CreatedOnToolsVersion = 10.2.1;
					};
				};
			};
			buildConfigurationList = 043FAE07228540B400774425 /* Build configuration list for PBXProject "3DTouchDemo" */;
			compatibilityVersion = "Xcode 9.3";
			developmentRegion = en;
			hasScannedForEncodings = 0;
			knownRegions = (
				en,
				Base,
			);
			mainGroup = 043FAE03228540B400774425;
			productRefGroup = 043FAE0D228540B400774425 /* Products */;
			projectDirPath = "";
			projectRoot = "";
			targets = (
				043FAE0B228540B400774425 /* 3DTouchDemo */,
			);
		};
/* End PBXProject section */

/* Begin PBXResourcesBuildPhase section */
		043FAE0A228540B400774425 /* Resources */ = {
			isa = PBXResourcesBuildPhase;
			buildActionMask = 2147483647;
			files = (
				043FAE1A228540B500774425 /* LaunchScreen.storyboard in Resources */,
				043FAE17228540B500774425 /* Assets.xcassets in Resources */,
				043FAE15228540B400774425 /* Main.storyboard in Resources */,
				04F9030D2285A84600BD19D7 /* demoPicture.jpg in Resources */,
			);
			runOnlyForDeploymentPostprocessing = 0;
		};
/* End PBXResourcesBuildPhase section */

/* Begin PBXSourcesBuildPhase section */
		043FAE08228540B400774425 /* Sources */ = {
			isa = PBXSourcesBuildPhase;
			buildActionMask = 2147483647;
			files = (
				0404402A2285820F00998BDB /* TableViewControllerExtension.swift in Sources */,
				043FAE242285435200774425 /* TableViewCell.swift in Sources */,
				043FAE10228540B400774425 /* AppDelegate.swift in Sources */,
				043FAE282285603F00774425 /* detailCellTableViewController.swift in Sources */,
				043FAE2A2285605D00774425 /* detailImageViewController.swift in Sources */,
				043FAE222285434200774425 /* Blog.swift in Sources */,
				043FAE262285435E00774425 /* TableViewController.swift in Sources */,
			);
			runOnlyForDeploymentPostprocessing = 0;
		};
/* End PBXSourcesBuildPhase section */

/* Begin PBXVariantGroup section */
		043FAE13228540B400774425 /* Main.storyboard */ = {
			isa = PBXVariantGroup;
			children = (
				043FAE14228540B400774425 /* Base */,
			);
			name = Main.storyboard;
			sourceTree = "<group>";
		};
		043FAE18228540B500774425 /* LaunchScreen.storyboard */ = {
			isa = PBXVariantGroup;
			children = (
				043FAE19228540B500774425 /* Base */,
			);
			name = LaunchScreen.storyboard;
			sourceTree = "<group>";
		};
/* End PBXVariantGroup section */

/* Begin XCBuildConfiguration section */
		043FAE1C228540B500774425 /* Debug */ = {
			isa = XCBuildConfiguration;
			buildSettings = {
				ALWAYS_SEARCH_USER_PATHS = NO;
				CLANG_ANALYZER_NONNULL = YES;
				CLANG_ANALYZER_NUMBER_OBJECT_CONVERSION = YES_AGGRESSIVE;
				CLANG_CXX_LANGUAGE_STANDARD = "gnu++14";
				CLANG_CXX_LIBRARY = "libc++";
				CLANG_ENABLE_MODULES = YES;
				CLANG_ENABLE_OBJC_ARC = YES;
				CLANG_ENABLE_OBJC_WEAK = YES;
				CLANG_WARN_BLOCK_CAPTURE_AUTORELEASING = YES;
				CLANG_WARN_BOOL_CONVERSION = YES;
				CLANG_WARN_COMMA = YES;
				CLANG_WARN_CONSTANT_CONVERSION = YES;
				CLANG_WARN_DEPRECATED_OBJC_IMPLEMENTATIONS = YES;
				CLANG_WARN_DIRECT_OBJC_ISA_USAGE = YES_ERROR;
				CLANG_WARN_DOCUMENTATION_COMMENTS = YES;
				CLANG_WARN_EMPTY_BODY = YES;
				CLANG_WARN_ENUM_CONVERSION = YES;
				CLANG_WARN_INFINITE_RECURSION = YES;
				CLANG_WARN_INT_CONVERSION = YES;
				CLANG_WARN_NON_LITERAL_NULL_CONVERSION = YES;
				CLANG_WARN_OBJC_IMPLICIT_RETAIN_SELF = YES;
				CLANG_WARN_OBJC_LITERAL_CONVERSION = YES;
				CLANG_WARN_OBJC_ROOT_CLASS = YES_ERROR;
				CLANG_WARN_RANGE_LOOP_ANALYSIS = YES;
				CLANG_WARN_STRICT_PROTOTYPES = YES;
				CLANG_WARN_SUSPICIOUS_MOVE = YES;
				CLANG_WARN_UNGUARDED_AVAILABILITY = YES_AGGRESSIVE;
				CLANG_WARN_UNREACHABLE_CODE = YES;
				CLANG_WARN__DUPLICATE_METHOD_MATCH = YES;
				CODE_SIGN_IDENTITY = "iPhone Developer";
				COPY_PHASE_STRIP = NO;
				DEBUG_INFORMATION_FORMAT = dwarf;
				ENABLE_STRICT_OBJC_MSGSEND = YES;
				ENABLE_TESTABILITY = YES;
				GCC_C_LANGUAGE_STANDARD = gnu11;
				GCC_DYNAMIC_NO_PIC = NO;
				GCC_NO_COMMON_BLOCKS = YES;
				GCC_OPTIMIZATION_LEVEL = 0;
				GCC_PREPROCESSOR_DEFINITIONS = (
					"DEBUG=1",
					"$(inherited)",
				);
				GCC_WARN_64_TO_32_BIT_CONVERSION = YES;
				GCC_WARN_ABOUT_RETURN_TYPE = YES_ERROR;
				GCC_WARN_UNDECLARED_SELECTOR = YES;
				GCC_WARN_UNINITIALIZED_AUTOS = YES_AGGRESSIVE;
				GCC_WARN_UNUSED_FUNCTION = YES;
				GCC_WARN_UNUSED_VARIABLE = YES;
				IPHONEOS_DEPLOYMENT_TARGET = 12.2;
				MTL_ENABLE_DEBUG_INFO = INCLUDE_SOURCE;
				MTL_FAST_MATH = YES;
				ONLY_ACTIVE_ARCH = YES;
				SDKROOT = iphoneos;
				SWIFT_ACTIVE_COMPILATION_CONDITIONS = DEBUG;
				SWIFT_OPTIMIZATION_LEVEL = "-Onone";
			};
			name = Debug;
		};
		043FAE1D228540B500774425 /* Release */ = {
			isa = XCBuildConfiguration;
			buildSettings = {
				ALWAYS_SEARCH_USER_PATHS = NO;
				CLANG_ANALYZER_NONNULL = YES;
				CLANG_ANALYZER_NUMBER_OBJECT_CONVERSION = YES_AGGRESSIVE;
				CLANG_CXX_LANGUAGE_STANDARD = "gnu++14";
				CLANG_CXX_LIBRARY = "libc++";
				CLANG_ENABLE_MODULES = YES;
				CLANG_ENABLE_OBJC_ARC = YES;
				CLANG_ENABLE_OBJC_WEAK = YES;
				CLANG_WARN_BLOCK_CAPTURE_AUTORELEASING = YES;
				CLANG_WARN_BOOL_CONVERSION = YES;
				CLANG_WARN_COMMA = YES;
				CLANG_WARN_CONSTANT_CONVERSION = YES;
				CLANG_WARN_DEPRECATED_OBJC_IMPLEMENTATIONS = YES;
				CLANG_WARN_DIRECT_OBJC_ISA_USAGE = YES_ERROR;
				CLANG_WARN_DOCUMENTATION_COMMENTS = YES;
				CLANG_WARN_EMPTY_BODY = YES;
				CLANG_WARN_ENUM_CONVERSION = YES;
				CLANG_WARN_INFINITE_RECURSION = YES;
				CLANG_WARN_INT_CONVERSION = YES;
				CLANG_WARN_NON_LITERAL_NULL_CONVERSION = YES;
				CLANG_WARN_OBJC_IMPLICIT_RETAIN_SELF = YES;
				CLANG_WARN_OBJC_LITERAL_CONVERSION = YES;
				CLANG_WARN_OBJC_ROOT_CLASS = YES_ERROR;
				CLANG_WARN_RANGE_LOOP_ANALYSIS = YES;
				CLANG_WARN_STRICT_PROTOTYPES = YES;
				CLANG_WARN_SUSPICIOUS_MOVE = YES;
				CLANG_WARN_UNGUARDED_AVAILABILITY = YES_AGGRESSIVE;
				CLANG_WARN_UNREACHABLE_CODE = YES;
				CLANG_WARN__DUPLICATE_METHOD_MATCH = YES;
				CODE_SIGN_IDENTITY = "iPhone Developer";
				COPY_PHASE_STRIP = NO;
				DEBUG_INFORMATION_FORMAT = "dwarf-with-dsym";
				ENABLE_NS_ASSERTIONS = NO;
				ENABLE_STRICT_OBJC_MSGSEND = YES;
				GCC_C_LANGUAGE_STANDARD = gnu11;
				GCC_NO_COMMON_BLOCKS = YES;
				GCC_WARN_64_TO_32_BIT_CONVERSION = YES;
				GCC_WARN_ABOUT_RETURN_TYPE = YES_ERROR;
				GCC_WARN_UNDECLARED_SELECTOR = YES;
				GCC_WARN_UNINITIALIZED_AUTOS = YES_AGGRESSIVE;
				GCC_WARN_UNUSED_FUNCTION = YES;
				GCC_WARN_UNUSED_VARIABLE = YES;
				IPHONEOS_DEPLOYMENT_TARGET = 12.2;
				MTL_ENABLE_DEBUG_INFO = NO;
				MTL_FAST_MATH = YES;
				SDKROOT = iphoneos;
				SWIFT_COMPILATION_MODE = wholemodule;
				SWIFT_OPTIMIZATION_LEVEL = "-O";
				VALIDATE_PRODUCT = YES;
			};
			name = Release;
		};
		043FAE1F228540B500774425 /* Debug */ = {
			isa = XCBuildConfiguration;
			buildSettings = {
				ASSETCATALOG_COMPILER_APPICON_NAME = AppIcon;
				CODE_SIGN_STYLE = Automatic;
				DEVELOPMENT_TEAM = YRB62S584T;
				INFOPLIST_FILE = 3DTouchDemo/Info.plist;
				LD_RUNPATH_SEARCH_PATHS = (
					"$(inherited)",
					"@executable_path/Frameworks",
				);
				PRODUCT_BUNDLE_IDENTIFIER = "com.icloud-h76joker.-DTouchDemo";
				PRODUCT_NAME = "$(TARGET_NAME)";
				SWIFT_VERSION = 5.0;
				TARGETED_DEVICE_FAMILY = "1,2";
			};
			name = Debug;
		};
		043FAE20228540B500774425 /* Release */ = {
			isa = XCBuildConfiguration;
			buildSettings = {
				ASSETCATALOG_COMPILER_APPICON_NAME = AppIcon;
				CODE_SIGN_STYLE = Automatic;
				DEVELOPMENT_TEAM = YRB62S584T;
				INFOPLIST_FILE = 3DTouchDemo/Info.plist;
				LD_RUNPATH_SEARCH_PATHS = (
					"$(inherited)",
					"@executable_path/Frameworks",
				);
				PRODUCT_BUNDLE_IDENTIFIER = "com.icloud-h76joker.-DTouchDemo";
				PRODUCT_NAME = "$(TARGET_NAME)";
				SWIFT_VERSION = 5.0;
				TARGETED_DEVICE_FAMILY = "1,2";
			};
			name = Release;
		};
/* End XCBuildConfiguration section */

/* Begin XCConfigurationList section */
		043FAE07228540B400774425 /* Build configuration list for PBXProject "3DTouchDemo" */ = {
			isa = XCConfigurationList;
			buildConfigurations = (
				043FAE1C228540B500774425 /* Debug */,
				043FAE1D228540B500774425 /* Release */,
			);
			defaultConfigurationIsVisible = 0;
			defaultConfigurationName = Release;
		};
		043FAE1E228540B500774425 /* Build configuration list for PBXNativeTarget "3DTouchDemo" */ = {
			isa = XCConfigurationList;
			buildConfigurations = (
				043FAE1F228540B500774425 /* Debug */,
				043FAE20228540B500774425 /* Release */,
			);
			defaultConfigurationIsVisible = 0;
			defaultConfigurationName = Release;
		};
/* End XCConfigurationList section */
	};
	rootObject = 043FAE04228540B400774425 /* Project object */;
}
